// !$*UTF8*$!
{
	archiveVersion = 1;
	classes = {
	};
	objectVersion = 50;
	objects = {

/* Begin PBXBuildFile section */
		C595DBDB2647D9AA0072C5AB /* AppDelegate.swift in Sources */ = {isa = PBXBuildFile; fileRef = C595DBDA2647D9AA0072C5AB /* AppDelegate.swift */; };
		C595DBDD2647D9AA0072C5AB /* SceneDelegate.swift in Sources */ = {isa = PBXBuildFile; fileRef = C595DBDC2647D9AA0072C5AB /* SceneDelegate.swift */; };
		C595DBDF2647D9AA0072C5AB /* ViewController.swift in Sources */ = {isa = PBXBuildFile; fileRef = C595DBDE2647D9AA0072C5AB /* ViewController.swift */; };
		C595DBE22647D9AA0072C5AB /* Main.storyboard in Resources */ = {isa = PBXBuildFile; fileRef = C595DBE02647D9AA0072C5AB /* Main.storyboard */; };
		C595DBE42647D9AF0072C5AB /* Assets.xcassets in Resources */ = {isa = PBXBuildFile; fileRef = C595DBE32647D9AF0072C5AB /* Assets.xcassets */; };
		C595DBE72647D9AF0072C5AB /* LaunchScreen.storyboard in Resources */ = {isa = PBXBuildFile; fileRef = C595DBE52647D9AF0072C5AB /* LaunchScreen.storyboard */; };
		C595DBF12647DCB50072C5AB /* bar.png in Resources */ = {isa = PBXBuildFile; fileRef = C595DBEF2647DCB50072C5AB /* bar.png */; };
		C595DBF22647DCB50072C5AB /* tail.png in Resources */ = {isa = PBXBuildFile; fileRef = C595DBF02647DCB50072C5AB /* tail.png */; };
		C595DBF52647E3F10072C5AB /* GameViewController.swift in Sources */ = {isa = PBXBuildFile; fileRef = C595DBF42647E3F10072C5AB /* GameViewController.swift */; };
		C595DBF82647E3FE0072C5AB /* RankingViewController.swift in Sources */ = {isa = PBXBuildFile; fileRef = C595DBF72647E3FE0072C5AB /* RankingViewController.swift */; };
/* End PBXBuildFile section */

/* Begin PBXFileReference section */
		C595DBD72647D9AA0072C5AB /* BarabaraGame.app */ = {isa = PBXFileReference; explicitFileType = wrapper.application; includeInIndex = 0; path = BarabaraGame.app; sourceTree = BUILT_PRODUCTS_DIR; };
		C595DBDA2647D9AA0072C5AB /* AppDelegate.swift */ = {isa = PBXFileReference; lastKnownFileType = sourcecode.swift; path = AppDelegate.swift; sourceTree = "<group>"; };
		C595DBDC2647D9AA0072C5AB /* SceneDelegate.swift */ = {isa = PBXFileReference; lastKnownFileType = sourcecode.swift; path = SceneDelegate.swift; sourceTree = "<group>"; };
		C595DBDE2647D9AA0072C5AB /* ViewController.swift */ = {isa = PBXFileReference; lastKnownFileType = sourcecode.swift; path = ViewController.swift; sourceTree = "<group>"; };
		C595DBE12647D9AA0072C5AB /* Base */ = {isa = PBXFileReference; lastKnownFileType = file.storyboard; name = Base; path = Base.lproj/Main.storyboard; sourceTree = "<group>"; };
		C595DBE32647D9AF0072C5AB /* Assets.xcassets */ = {isa = PBXFileReference; lastKnownFileType = folder.assetcatalog; path = Assets.xcassets; sourceTree = "<group>"; };
		C595DBE62647D9AF0072C5AB /* Base */ = {isa = PBXFileReference; lastKnownFileType = file.storyboard; name = Base; path = Base.lproj/LaunchScreen.storyboard; sourceTree = "<group>"; };
		C595DBE82647D9AF0072C5AB /* Info.plist */ = {isa = PBXFileReference; lastKnownFileType = text.plist.xml; path = Info.plist; sourceTree = "<group>"; };
		C595DBEF2647DCB50072C5AB /* bar.png */ = {isa = PBXFileReference; lastKnownFileType = image.png; path = bar.png; sourceTree = "<group>"; };
		C595DBF02647DCB50072C5AB /* tail.png */ = {isa = PBXFileReference; lastKnownFileType = image.png; path = tail.png; sourceTree = "<group>"; };
		C595DBF42647E3F10072C5AB /* GameViewController.swift */ = {isa = PBXFileReference; lastKnownFileType = sourcecode.swift; path = GameViewController.swift; sourceTree = "<group>"; };
		C595DBF72647E3FE0072C5AB /* RankingViewController.swift */ = {isa = PBXFileReference; lastKnownFileType = sourcecode.swift; path = RankingViewController.swift; sourceTree = "<group>"; };
/* End PBXFileReference section */

/* Begin PBXFrameworksBuildPhase section */
		C595DBD42647D9AA0072C5AB /* Frameworks */ = {
			isa = PBXFrameworksBuildPhase;
			buildActionMask = 2147483647;
			files = (
			);
			runOnlyForDeploymentPostprocessing = 0;
		};
/* End PBXFrameworksBuildPhase section */

/* Begin PBXGroup section */
		C595DBCE2647D9AA0072C5AB = {
			isa = PBXGroup;
			children = (
				C595DBD92647D9AA0072C5AB /* BarabaraGame */,
				C595DBD82647D9AA0072C5AB /* Products */,
			);
			sourceTree = "<group>";
		};
		C595DBD82647D9AA0072C5AB /* Products */ = {
			isa = PBXGroup;
			children = (
				C595DBD72647D9AA0072C5AB /* BarabaraGame.app */,
			);
			name = Products;
			sourceTree = "<group>";
		};
		C595DBD92647D9AA0072C5AB /* BarabaraGame */ = {
			isa = PBXGroup;
			children = (
				C595DBDA2647D9AA0072C5AB /* AppDelegate.swift */,
				C595DBDC2647D9AA0072C5AB /* SceneDelegate.swift */,
				C595DBDE2647D9AA0072C5AB /* ViewController.swift */,
				C595DBE02647D9AA0072C5AB /* Main.storyboard */,
				C595DBE32647D9AF0072C5AB /* Assets.xcassets */,
				C595DBEF2647DCB50072C5AB /* bar.png */,
				C595DBF02647DCB50072C5AB /* tail.png */,
				C595DBE52647D9AF0072C5AB /* LaunchScreen.storyboard */,
				C595DBE82647D9AF0072C5AB /* Info.plist */,
				C595DBF42647E3F10072C5AB /* GameViewController.swift */,
				C595DBF72647E3FE0072C5AB /* RankingViewController.swift */,
			);
			path = BarabaraGame;
			sourceTree = "<group>";
		};
/* End PBXGroup section */

/* Begin PBXNativeTarget section */
		C595DBD62647D9AA0072C5AB /* BarabaraGame */ = {
			isa = PBXNativeTarget;
			buildConfigurationList = C595DBEB2647D9AF0072C5AB /* Build configuration list for PBXNativeTarget "BarabaraGame" */;
			buildPhases = (
				C595DBD32647D9AA0072C5AB /* Sources */,
				C595DBD42647D9AA0072C5AB /* Frameworks */,
				C595DBD52647D9AA0072C5AB /* Resources */,
			);
			buildRules = (
			);
			dependencies = (
			);
			name = BarabaraGame;
			productName = BarabaraGame;
			productReference = C595DBD72647D9AA0072C5AB /* BarabaraGame.app */;
			productType = "com.apple.product-type.application";
		};
/* End PBXNativeTarget section */

/* Begin PBXProject section */
		C595DBCF2647D9AA0072C5AB /* Project object */ = {
			isa = PBXProject;
			attributes = {
				LastSwiftUpdateCheck = 1230;
				LastUpgradeCheck = 1230;
				TargetAttributes = {
					C595DBD62647D9AA0072C5AB = {
						CreatedOnToolsVersion = 12.3;
					};
				};
			};
			buildConfigurationList = C595DBD22647D9AA0072C5AB /* Build configuration list for PBXProject "BarabaraGame" */;
			compatibilityVersion = "Xcode 9.3";
			developmentRegion = en;
			hasScannedForEncodings = 0;
			knownRegions = (
				en,
				Base,
			);
			mainGroup = C595DBCE2647D9AA0072C5AB;
			productRefGroup = C595DBD82647D9AA0072C5AB /* Products */;
			projectDirPath = "";
			projectRoot = "";
			targets = (
				C595DBD62647D9AA0072C5AB /* BarabaraGame */,
			);
		};
/* End PBXProject section */

/* Begin PBXResourcesBuildPhase section */
		C595DBD52647D9AA0072C5AB /* Resources */ = {
			isa = PBXResourcesBuildPhase;
			buildActionMask = 2147483647;
			files = (
				C595DBE72647D9AF0072C5AB /* LaunchScreen.storyboard in Resources */,
				C595DBF22647DCB50072C5AB /* tail.png in Resources */,
				C595DBE42647D9AF0072C5AB /* Assets.xcassets in Resources */,
				C595DBE22647D9AA0072C5AB /* Main.storyboard in Resources */,
				C595DBF12647DCB50072C5AB /* bar.png in Resources */,
			);
			runOnlyForDeploymentPostprocessing = 0;
		};
/* End PBXResourcesBuildPhase section */

/* Begin PBXSourcesBuildPhase section */
		C595DBD32647D9AA0072C5AB /* Sources */ = {
			isa = PBXSourcesBuildPhase;
			buildActionMask = 2147483647;
			files = (
				C595DBF82647E3FE0072C5AB /* RankingViewController.swift in Sources */,
				C595DBF52647E3F10072C5AB /* GameViewController.swift in Sources */,
				C595DBDF2647D9AA0072C5AB /* ViewController.swift in Sources */,
				C595DBDB2647D9AA0072C5AB /* AppDelegate.swift in Sources */,
				C595DBDD2647D9AA0072C5AB /* SceneDelegate.swift in Sources */,
			);
			runOnlyForDeploymentPostprocessing = 0;
		};
/* End PBXSourcesBuildPhase section */

/* Begin PBXVariantGroup section */
		C595DBE02647D9AA0072C5AB /* Main.storyboard */ = {
			isa = PBXVariantGroup;
			children = (
				C595DBE12647D9AA0072C5AB /* Base */,
			);
			name = Main.storyboard;
			sourceTree = "<group>";
		};
		C595DBE52647D9AF0072C5AB /* LaunchScreen.storyboard */ = {
			isa = PBXVariantGroup;
			children = (
				C595DBE62647D9AF0072C5AB /* Base */,
			);
			name = LaunchScreen.storyboard;
			sourceTree = "<group>";
		};
/* End PBXVariantGroup section */

/* Begin XCBuildConfiguration section */
		C595DBE92647D9AF0072C5AB /* Debug */ = {
			isa = XCBuildConfiguration;
			buildSettings = {
				ALWAYS_SEARCH_USER_PATHS = NO;
				CLANG_ANALYZER_NONNULL = YES;
				CLANG_ANALYZER_NUMBER_OBJECT_CONVERSION = YES_AGGRESSIVE;
				CLANG_CXX_LANGUAGE_STANDARD = "gnu++14";
				CLANG_CXX_LIBRARY = "libc++";
				CLANG_ENABLE_MODULES = YES;
				CLANG_ENABLE_OBJC_ARC = YES;
				CLANG_ENABLE_OBJC_WEAK = YES;
				CLANG_WARN_BLOCK_CAPTURE_AUTORELEASING = YES;
				CLANG_WARN_BOOL_CONVERSION = YES;
				CLANG_WARN_COMMA = YES;
				CLANG_WARN_CONSTANT_CONVERSION = YES;
				CLANG_WARN_DEPRECATED_OBJC_IMPLEMENTATIONS = YES;
				CLANG_WARN_DIRECT_OBJC_ISA_USAGE = YES_ERROR;
				CLANG_WARN_DOCUMENTATION_COMMENTS = YES;
				CLANG_WARN_EMPTY_BODY = YES;
				CLANG_WARN_ENUM_CONVERSION = YES;
				CLANG_WARN_INFINITE_RECURSION = YES;
				CLANG_WARN_INT_CONVERSION = YES;
				CLANG_WARN_NON_LITERAL_NULL_CONVERSION = YES;
				CLANG_WARN_OBJC_IMPLICIT_RETAIN_SELF = YES;
				CLANG_WARN_OBJC_LITERAL_CONVERSION = YES;
				CLANG_WARN_OBJC_ROOT_CLASS = YES_ERROR;
				CLANG_WARN_QUOTED_INCLUDE_IN_FRAMEWORK_HEADER = YES;
				CLANG_WARN_RANGE_LOOP_ANALYSIS = YES;
				CLANG_WARN_STRICT_PROTOTYPES = YES;
				CLANG_WARN_SUSPICIOUS_MOVE = YES;
				CLANG_WARN_UNGUARDED_AVAILABILITY = YES_AGGRESSIVE;
				CLANG_WARN_UNREACHABLE_CODE = YES;
				CLANG_WARN__DUPLICATE_METHOD_MATCH = YES;
				COPY_PHASE_STRIP = NO;
				DEBUG_INFORMATION_FORMAT = dwarf;
				ENABLE_STRICT_OBJC_MSGSEND = YES;
				ENABLE_TESTABILITY = YES;
				GCC_C_LANGUAGE_STANDARD = gnu11;
				GCC_DYNAMIC_NO_PIC = NO;
				GCC_NO_COMMON_BLOCKS = YES;
				GCC_OPTIMIZATION_LEVEL = 0;
				GCC_PREPROCESSOR_DEFINITIONS = (
					"DEBUG=1",
					"$(inherited)",
				);
				GCC_WARN_64_TO_32_BIT_CONVERSION = YES;
				GCC_WARN_ABOUT_RETURN_TYPE = YES_ERROR;
				GCC_WARN_UNDECLARED_SELECTOR = YES;
				GCC_WARN_UNINITIALIZED_AUTOS = YES_AGGRESSIVE;
				GCC_WARN_UNUSED_FUNCTION = YES;
				GCC_WARN_UNUSED_VARIABLE = YES;
				IPHONEOS_DEPLOYMENT_TARGET = 14.3;
				MTL_ENABLE_DEBUG_INFO = INCLUDE_SOURCE;
				MTL_FAST_MATH = YES;
				ONLY_ACTIVE_ARCH = YES;
				SDKROOT = iphoneos;
				SWIFT_ACTIVE_COMPILATION_CONDITIONS = DEBUG;
				SWIFT_OPTIMIZATION_LEVEL = "-Onone";
			};
			name = Debug;
		};
		C595DBEA2647D9AF0072C5AB /* Release */ = {
			isa = XCBuildConfiguration;
			buildSettings = {
				ALWAYS_SEARCH_USER_PATHS = NO;
				CLANG_ANALYZER_NONNULL = YES;
				CLANG_ANALYZER_NUMBER_OBJECT_CONVERSION = YES_AGGRESSIVE;
				CLANG_CXX_LANGUAGE_STANDARD = "gnu++14";
				CLANG_CXX_LIBRARY = "libc++";
				CLANG_ENABLE_MODULES = YES;
				CLANG_ENABLE_OBJC_ARC = YES;
				CLANG_ENABLE_OBJC_WEAK = YES;
				CLANG_WARN_BLOCK_CAPTURE_AUTORELEASING = YES;
				CLANG_WARN_BOOL_CONVERSION = YES;
				CLANG_WARN_COMMA = YES;
				CLANG_WARN_CONSTANT_CONVERSION = YES;
				CLANG_WARN_DEPRECATED_OBJC_IMPLEMENTATIONS = YES;
				CLANG_WARN_DIRECT_OBJC_ISA_USAGE = YES_ERROR;
				CLANG_WARN_DOCUMENTATION_COMMENTS = YES;
				CLANG_WARN_EMPTY_BODY = YES;
				CLANG_WARN_ENUM_CONVERSION = YES;
				CLANG_WARN_INFINITE_RECURSION = YES;
				CLANG_WARN_INT_CONVERSION = YES;
				CLANG_WARN_NON_LITERAL_NULL_CONVERSION = YES;
				CLANG_WARN_OBJC_IMPLICIT_RETAIN_SELF = YES;
				CLANG_WARN_OBJC_LITERAL_CONVERSION = YES;
				CLANG_WARN_OBJC_ROOT_CLASS = YES_ERROR;
				CLANG_WARN_QUOTED_INCLUDE_IN_FRAMEWORK_HEADER = YES;
				CLANG_WARN_RANGE_LOOP_ANALYSIS = YES;
				CLANG_WARN_STRICT_PROTOTYPES = YES;
				CLANG_WARN_SUSPICIOUS_MOVE = YES;
				CLANG_WARN_UNGUARDED_AVAILABILITY = YES_AGGRESSIVE;
				CLANG_WARN_UNREACHABLE_CODE = YES;
				CLANG_WARN__DUPLICATE_METHOD_MATCH = YES;
				COPY_PHASE_STRIP = NO;
				DEBUG_INFORMATION_FORMAT = "dwarf-with-dsym";
				ENABLE_NS_ASSERTIONS = NO;
				ENABLE_STRICT_OBJC_MSGSEND = YES;
				GCC_C_LANGUAGE_STANDARD = gnu11;
				GCC_NO_COMMON_BLOCKS = YES;
				GCC_WARN_64_TO_32_BIT_CONVERSION = YES;
				GCC_WARN_ABOUT_RETURN_TYPE = YES_ERROR;
				GCC_WARN_UNDECLARED_SELECTOR = YES;
				GCC_WARN_UNINITIALIZED_AUTOS = YES_AGGRESSIVE;
				GCC_WARN_UNUSED_FUNCTION = YES;
				GCC_WARN_UNUSED_VARIABLE = YES;
				IPHONEOS_DEPLOYMENT_TARGET = 14.3;
				MTL_ENABLE_DEBUG_INFO = NO;
				MTL_FAST_MATH = YES;
				SDKROOT = iphoneos;
				SWIFT_COMPILATION_MODE = wholemodule;
				SWIFT_OPTIMIZATION_LEVEL = "-O";
				VALIDATE_PRODUCT = YES;
			};
			name = Release;
		};
		C595DBEC2647D9AF0072C5AB /* Debug */ = {
			isa = XCBuildConfiguration;
			buildSettings = {
				ASSETCATALOG_COMPILER_APPICON_NAME = AppIcon;
				ASSETCATALOG_COMPILER_GLOBAL_ACCENT_COLOR_NAME = AccentColor;
				CODE_SIGN_STYLE = Automatic;
				INFOPLIST_FILE = BarabaraGame/Info.plist;
				LD_RUNPATH_SEARCH_PATHS = (
					"$(inherited)",
					"@executable_path/Frameworks",
				);
				PRODUCT_BUNDLE_IDENTIFIER = app.yuma.ishibashi.BarabaraGame;
				PRODUCT_NAME = "$(TARGET_NAME)";
				SWIFT_VERSION = 5.0;
				TARGETED_DEVICE_FAMILY = "1,2";
			};
			name = Debug;
		};
		C595DBED2647D9AF0072C5AB /* Release */ = {
			isa = XCBuildConfiguration;
			buildSettings = {
				ASSETCATALOG_COMPILER_APPICON_NAME = AppIcon;
				ASSETCATALOG_COMPILER_GLOBAL_ACCENT_COLOR_NAME = AccentColor;
				CODE_SIGN_STYLE = Automatic;
				INFOPLIST_FILE = BarabaraGame/Info.plist;
				LD_RUNPATH_SEARCH_PATHS = (
					"$(inherited)",
					"@executable_path/Frameworks",
				);
				PRODUCT_BUNDLE_IDENTIFIER = app.yuma.ishibashi.BarabaraGame;
				PRODUCT_NAME = "$(TARGET_NAME)";
				SWIFT_VERSION = 5.0;
				TARGETED_DEVICE_FAMILY = "1,2";
			};
			name = Release;
		};
/* End XCBuildConfiguration section */

/* Begin XCConfigurationList section */
		C595DBD22647D9AA0072C5AB /* Build configuration list for PBXProject "BarabaraGame" */ = {
			isa = XCConfigurationList;
			buildConfigurations = (
				C595DBE92647D9AF0072C5AB /* Debug */,
				C595DBEA2647D9AF0072C5AB /* Release */,
			);
			defaultConfigurationIsVisible = 0;
			defaultConfigurationName = Release;
		};
		C595DBEB2647D9AF0072C5AB /* Build configuration list for PBXNativeTarget "BarabaraGame" */ = {
			isa = XCConfigurationList;
			buildConfigurations = (
				C595DBEC2647D9AF0072C5AB /* Debug */,
				C595DBED2647D9AF0072C5AB /* Release */,
			);
			defaultConfigurationIsVisible = 0;
			defaultConfigurationName = Release;
		};
/* End XCConfigurationList section */
	};
	rootObject = C595DBCF2647D9AA0072C5AB /* Project object */;
}
